// !$*UTF8*$!
{
	archiveVersion = 1;
	classes = {
	};
	objectVersion = 46;
	objects = {

/* Begin PBXBuildFile section */
		05856C271E235CC600B973E4 /* AppDelegate.swift in Sources */ = {isa = PBXBuildFile; fileRef = 05856C261E235CC600B973E4 /* AppDelegate.swift */; };
		05856C291E235CC600B973E4 /* ViewController.swift in Sources */ = {isa = PBXBuildFile; fileRef = 05856C281E235CC600B973E4 /* ViewController.swift */; };
		05856C2C1E235CC600B973E4 /* Main.storyboard in Resources */ = {isa = PBXBuildFile; fileRef = 05856C2A1E235CC600B973E4 /* Main.storyboard */; };
		05856C2E1E235CC600B973E4 /* Assets.xcassets in Resources */ = {isa = PBXBuildFile; fileRef = 05856C2D1E235CC600B973E4 /* Assets.xcassets */; };
		05856C311E235CC600B973E4 /* LaunchScreen.storyboard in Resources */ = {isa = PBXBuildFile; fileRef = 05856C2F1E235CC600B973E4 /* LaunchScreen.storyboard */; };
		05856C3C1E235CC700B973E4 /* Soldier_Orc_BattleTests.swift in Sources */ = {isa = PBXBuildFile; fileRef = 05856C3B1E235CC700B973E4 /* Soldier_Orc_BattleTests.swift */; };
		05856C471E235CC700B973E4 /* Soldier_Orc_BattleUITests.swift in Sources */ = {isa = PBXBuildFile; fileRef = 05856C461E235CC700B973E4 /* Soldier_Orc_BattleUITests.swift */; };
		05856C551E235DE800B973E4 /* Character.swift in Sources */ = {isa = PBXBuildFile; fileRef = 05856C541E235DE800B973E4 /* Character.swift */; };
		05856C571E235EF900B973E4 /* Soldier.swift in Sources */ = {isa = PBXBuildFile; fileRef = 05856C561E235EF900B973E4 /* Soldier.swift */; };
		05856C591E2361DF00B973E4 /* Orc.swift in Sources */ = {isa = PBXBuildFile; fileRef = 05856C581E2361DF00B973E4 /* Orc.swift */; };
		05856C5B1E23658100B973E4 /* Game.swift in Sources */ = {isa = PBXBuildFile; fileRef = 05856C5A1E23658100B973E4 /* Game.swift */; };
		05856C5D1E236FE300B973E4 /* Minecraft.ttf in Resources */ = {isa = PBXBuildFile; fileRef = 05856C5C1E236FE300B973E4 /* Minecraft.ttf */; };
/* End PBXBuildFile section */

/* Begin PBXContainerItemProxy section */
		05856C381E235CC700B973E4 /* PBXContainerItemProxy */ = {
			isa = PBXContainerItemProxy;
			containerPortal = 05856C1B1E235CC600B973E4 /* Project object */;
			proxyType = 1;
			remoteGlobalIDString = 05856C221E235CC600B973E4;
			remoteInfo = "Soldier-Orc Battle";
		};
		05856C431E235CC700B973E4 /* PBXContainerItemProxy */ = {
			isa = PBXContainerItemProxy;
			containerPortal = 05856C1B1E235CC600B973E4 /* Project object */;
			proxyType = 1;
			remoteGlobalIDString = 05856C221E235CC600B973E4;
			remoteInfo = "Soldier-Orc Battle";
		};
/* End PBXContainerItemProxy section */

/* Begin PBXFileReference section */
		05856C231E235CC600B973E4 /* Soldier-Orc Battle.app */ = {isa = PBXFileReference; explicitFileType = wrapper.application; includeInIndex = 0; path = "Soldier-Orc Battle.app"; sourceTree = BUILT_PRODUCTS_DIR; };
		05856C261E235CC600B973E4 /* AppDelegate.swift */ = {isa = PBXFileReference; lastKnownFileType = sourcecode.swift; path = AppDelegate.swift; sourceTree = "<group>"; };
		05856C281E235CC600B973E4 /* ViewController.swift */ = {isa = PBXFileReference; lastKnownFileType = sourcecode.swift; path = ViewController.swift; sourceTree = "<group>"; };
		05856C2B1E235CC600B973E4 /* Base */ = {isa = PBXFileReference; lastKnownFileType = file.storyboard; name = Base; path = Base.lproj/Main.storyboard; sourceTree = "<group>"; };
		05856C2D1E235CC600B973E4 /* Assets.xcassets */ = {isa = PBXFileReference; lastKnownFileType = folder.assetcatalog; path = Assets.xcassets; sourceTree = "<group>"; };
		05856C301E235CC600B973E4 /* Base */ = {isa = PBXFileReference; lastKnownFileType = file.storyboard; name = Base; path = Base.lproj/LaunchScreen.storyboard; sourceTree = "<group>"; };
		05856C321E235CC600B973E4 /* Info.plist */ = {isa = PBXFileReference; lastKnownFileType = text.plist.xml; path = Info.plist; sourceTree = "<group>"; };
		05856C371E235CC700B973E4 /* Soldier-Orc BattleTests.xctest */ = {isa = PBXFileReference; explicitFileType = wrapper.cfbundle; includeInIndex = 0; path = "Soldier-Orc BattleTests.xctest"; sourceTree = BUILT_PRODUCTS_DIR; };
		05856C3B1E235CC700B973E4 /* Soldier_Orc_BattleTests.swift */ = {isa = PBXFileReference; lastKnownFileType = sourcecode.swift; path = Soldier_Orc_BattleTests.swift; sourceTree = "<group>"; };
		05856C3D1E235CC700B973E4 /* Info.plist */ = {isa = PBXFileReference; lastKnownFileType = text.plist.xml; path = Info.plist; sourceTree = "<group>"; };
		05856C421E235CC700B973E4 /* Soldier-Orc BattleUITests.xctest */ = {isa = PBXFileReference; explicitFileType = wrapper.cfbundle; includeInIndex = 0; path = "Soldier-Orc BattleUITests.xctest"; sourceTree = BUILT_PRODUCTS_DIR; };
		05856C461E235CC700B973E4 /* Soldier_Orc_BattleUITests.swift */ = {isa = PBXFileReference; lastKnownFileType = sourcecode.swift; path = Soldier_Orc_BattleUITests.swift; sourceTree = "<group>"; };
		05856C481E235CC700B973E4 /* Info.plist */ = {isa = PBXFileReference; lastKnownFileType = text.plist.xml; path = Info.plist; sourceTree = "<group>"; };
		05856C541E235DE800B973E4 /* Character.swift */ = {isa = PBXFileReference; fileEncoding = 4; lastKnownFileType = sourcecode.swift; path = Character.swift; sourceTree = "<group>"; };
		05856C561E235EF900B973E4 /* Soldier.swift */ = {isa = PBXFileReference; fileEncoding = 4; lastKnownFileType = sourcecode.swift; path = Soldier.swift; sourceTree = "<group>"; };
		05856C581E2361DF00B973E4 /* Orc.swift */ = {isa = PBXFileReference; fileEncoding = 4; lastKnownFileType = sourcecode.swift; path = Orc.swift; sourceTree = "<group>"; };
		05856C5A1E23658100B973E4 /* Game.swift */ = {isa = PBXFileReference; fileEncoding = 4; lastKnownFileType = sourcecode.swift; path = Game.swift; sourceTree = "<group>"; };
		05856C5C1E236FE300B973E4 /* Minecraft.ttf */ = {isa = PBXFileReference; lastKnownFileType = file; path = Minecraft.ttf; sourceTree = "<group>"; };
/* End PBXFileReference section */

/* Begin PBXFrameworksBuildPhase section */
		05856C201E235CC600B973E4 /* Frameworks */ = {
			isa = PBXFrameworksBuildPhase;
			buildActionMask = 2147483647;
			files = (
			);
			runOnlyForDeploymentPostprocessing = 0;
		};
		05856C341E235CC700B973E4 /* Frameworks */ = {
			isa = PBXFrameworksBuildPhase;
			buildActionMask = 2147483647;
			files = (
			);
			runOnlyForDeploymentPostprocessing = 0;
		};
		05856C3F1E235CC700B973E4 /* Frameworks */ = {
			isa = PBXFrameworksBuildPhase;
			buildActionMask = 2147483647;
			files = (
			);
			runOnlyForDeploymentPostprocessing = 0;
		};
/* End PBXFrameworksBuildPhase section */

/* Begin PBXGroup section */
		05856C1A1E235CC600B973E4 = {
			isa = PBXGroup;
			children = (
				05856C251E235CC600B973E4 /* Soldier-Orc Battle */,
				05856C3A1E235CC700B973E4 /* Soldier-Orc BattleTests */,
				05856C451E235CC700B973E4 /* Soldier-Orc BattleUITests */,
				05856C241E235CC600B973E4 /* Products */,
			);
			sourceTree = "<group>";
		};
		05856C241E235CC600B973E4 /* Products */ = {
			isa = PBXGroup;
			children = (
				05856C231E235CC600B973E4 /* Soldier-Orc Battle.app */,
				05856C371E235CC700B973E4 /* Soldier-Orc BattleTests.xctest */,
				05856C421E235CC700B973E4 /* Soldier-Orc BattleUITests.xctest */,
			);
			name = Products;
			sourceTree = "<group>";
		};
		05856C251E235CC600B973E4 /* Soldier-Orc Battle */ = {
			isa = PBXGroup;
			children = (
				05856C5C1E236FE300B973E4 /* Minecraft.ttf */,
				05856C261E235CC600B973E4 /* AppDelegate.swift */,
				05856C281E235CC600B973E4 /* ViewController.swift */,
				05856C2A1E235CC600B973E4 /* Main.storyboard */,
				05856C2D1E235CC600B973E4 /* Assets.xcassets */,
				05856C2F1E235CC600B973E4 /* LaunchScreen.storyboard */,
				05856C321E235CC600B973E4 /* Info.plist */,
				05856C541E235DE800B973E4 /* Character.swift */,
				05856C561E235EF900B973E4 /* Soldier.swift */,
				05856C581E2361DF00B973E4 /* Orc.swift */,
				05856C5A1E23658100B973E4 /* Game.swift */,
			);
			path = "Soldier-Orc Battle";
			sourceTree = "<group>";
		};
		05856C3A1E235CC700B973E4 /* Soldier-Orc BattleTests */ = {
			isa = PBXGroup;
			children = (
				05856C3B1E235CC700B973E4 /* Soldier_Orc_BattleTests.swift */,
				05856C3D1E235CC700B973E4 /* Info.plist */,
			);
			path = "Soldier-Orc BattleTests";
			sourceTree = "<group>";
		};
		05856C451E235CC700B973E4 /* Soldier-Orc BattleUITests */ = {
			isa = PBXGroup;
			children = (
				05856C461E235CC700B973E4 /* Soldier_Orc_BattleUITests.swift */,
				05856C481E235CC700B973E4 /* Info.plist */,
			);
			path = "Soldier-Orc BattleUITests";
			sourceTree = "<group>";
		};
/* End PBXGroup section */

/* Begin PBXNativeTarget section */
		05856C221E235CC600B973E4 /* Soldier-Orc Battle */ = {
			isa = PBXNativeTarget;
			buildConfigurationList = 05856C4B1E235CC700B973E4 /* Build configuration list for PBXNativeTarget "Soldier-Orc Battle" */;
			buildPhases = (
				05856C1F1E235CC600B973E4 /* Sources */,
				05856C201E235CC600B973E4 /* Frameworks */,
				05856C211E235CC600B973E4 /* Resources */,
			);
			buildRules = (
			);
			dependencies = (
			);
			name = "Soldier-Orc Battle";
			productName = "Soldier-Orc Battle";
			productReference = 05856C231E235CC600B973E4 /* Soldier-Orc Battle.app */;
			productType = "com.apple.product-type.application";
		};
		05856C361E235CC700B973E4 /* Soldier-Orc BattleTests */ = {
			isa = PBXNativeTarget;
			buildConfigurationList = 05856C4E1E235CC700B973E4 /* Build configuration list for PBXNativeTarget "Soldier-Orc BattleTests" */;
			buildPhases = (
				05856C331E235CC700B973E4 /* Sources */,
				05856C341E235CC700B973E4 /* Frameworks */,
				05856C351E235CC700B973E4 /* Resources */,
			);
			buildRules = (
			);
			dependencies = (
				05856C391E235CC700B973E4 /* PBXTargetDependency */,
			);
			name = "Soldier-Orc BattleTests";
			productName = "Soldier-Orc BattleTests";
			productReference = 05856C371E235CC700B973E4 /* Soldier-Orc BattleTests.xctest */;
			productType = "com.apple.product-type.bundle.unit-test";
		};
		05856C411E235CC700B973E4 /* Soldier-Orc BattleUITests */ = {
			isa = PBXNativeTarget;
			buildConfigurationList = 05856C511E235CC700B973E4 /* Build configuration list for PBXNativeTarget "Soldier-Orc BattleUITests" */;
			buildPhases = (
				05856C3E1E235CC700B973E4 /* Sources */,
				05856C3F1E235CC700B973E4 /* Frameworks */,
				05856C401E235CC700B973E4 /* Resources */,
			);
			buildRules = (
			);
			dependencies = (
				05856C441E235CC700B973E4 /* PBXTargetDependency */,
			);
			name = "Soldier-Orc BattleUITests";
			productName = "Soldier-Orc BattleUITests";
			productReference = 05856C421E235CC700B973E4 /* Soldier-Orc BattleUITests.xctest */;
			productType = "com.apple.product-type.bundle.ui-testing";
		};
/* End PBXNativeTarget section */

/* Begin PBXProject section */
		05856C1B1E235CC600B973E4 /* Project object */ = {
			isa = PBXProject;
			attributes = {
				LastSwiftUpdateCheck = 0730;
				LastUpgradeCheck = 0730;
				ORGANIZATIONNAME = "Ak Kieu";
				TargetAttributes = {
					05856C221E235CC600B973E4 = {
						CreatedOnToolsVersion = 7.3;
					};
					05856C361E235CC700B973E4 = {
						CreatedOnToolsVersion = 7.3;
						TestTargetID = 05856C221E235CC600B973E4;
					};
					05856C411E235CC700B973E4 = {
						CreatedOnToolsVersion = 7.3;
						TestTargetID = 05856C221E235CC600B973E4;
					};
				};
			};
			buildConfigurationList = 05856C1E1E235CC600B973E4 /* Build configuration list for PBXProject "Soldier-Orc Battle" */;
			compatibilityVersion = "Xcode 3.2";
			developmentRegion = English;
			hasScannedForEncodings = 0;
			knownRegions = (
				en,
				Base,
			);
			mainGroup = 05856C1A1E235CC600B973E4;
			productRefGroup = 05856C241E235CC600B973E4 /* Products */;
			projectDirPath = "";
			projectRoot = "";
			targets = (
				05856C221E235CC600B973E4 /* Soldier-Orc Battle */,
				05856C361E235CC700B973E4 /* Soldier-Orc BattleTests */,
				05856C411E235CC700B973E4 /* Soldier-Orc BattleUITests */,
			);
		};
/* End PBXProject section */

/* Begin PBXResourcesBuildPhase section */
		05856C211E235CC600B973E4 /* Resources */ = {
			isa = PBXResourcesBuildPhase;
			buildActionMask = 2147483647;
			files = (
				05856C311E235CC600B973E4 /* LaunchScreen.storyboard in Resources */,
				05856C2E1E235CC600B973E4 /* Assets.xcassets in Resources */,
				05856C5D1E236FE300B973E4 /* Minecraft.ttf in Resources */,
				05856C2C1E235CC600B973E4 /* Main.storyboard in Resources */,
			);
			runOnlyForDeploymentPostprocessing = 0;
		};
		05856C351E235CC700B973E4 /* Resources */ = {
			isa = PBXResourcesBuildPhase;
			buildActionMask = 2147483647;
			files = (
			);
			runOnlyForDeploymentPostprocessing = 0;
		};
		05856C401E235CC700B973E4 /* Resources */ = {
			isa = PBXResourcesBuildPhase;
			buildActionMask = 2147483647;
			files = (
			);
			runOnlyForDeploymentPostprocessing = 0;
		};
/* End PBXResourcesBuildPhase section */

/* Begin PBXSourcesBuildPhase section */
		05856C1F1E235CC600B973E4 /* Sources */ = {
			isa = PBXSourcesBuildPhase;
			buildActionMask = 2147483647;
			files = (
				05856C551E235DE800B973E4 /* Character.swift in Sources */,
				05856C5B1E23658100B973E4 /* Game.swift in Sources */,
				05856C291E235CC600B973E4 /* ViewController.swift in Sources */,
				05856C571E235EF900B973E4 /* Soldier.swift in Sources */,
				05856C591E2361DF00B973E4 /* Orc.swift in Sources */,
				05856C271E235CC600B973E4 /* AppDelegate.swift in Sources */,
			);
			runOnlyForDeploymentPostprocessing = 0;
		};
		05856C331E235CC700B973E4 /* Sources */ = {
			isa = PBXSourcesBuildPhase;
			buildActionMask = 2147483647;
			files = (
				05856C3C1E235CC700B973E4 /* Soldier_Orc_BattleTests.swift in Sources */,
			);
			runOnlyForDeploymentPostprocessing = 0;
		};
		05856C3E1E235CC700B973E4 /* Sources */ = {
			isa = PBXSourcesBuildPhase;
			buildActionMask = 2147483647;
			files = (
				05856C471E235CC700B973E4 /* Soldier_Orc_BattleUITests.swift in Sources */,
			);
			runOnlyForDeploymentPostprocessing = 0;
		};
/* End PBXSourcesBuildPhase section */

/* Begin PBXTargetDependency section */
		05856C391E235CC700B973E4 /* PBXTargetDependency */ = {
			isa = PBXTargetDependency;
			target = 05856C221E235CC600B973E4 /* Soldier-Orc Battle */;
			targetProxy = 05856C381E235CC700B973E4 /* PBXContainerItemProxy */;
		};
		05856C441E235CC700B973E4 /* PBXTargetDependency */ = {
			isa = PBXTargetDependency;
			target = 05856C221E235CC600B973E4 /* Soldier-Orc Battle */;
			targetProxy = 05856C431E235CC700B973E4 /* PBXContainerItemProxy */;
		};
/* End PBXTargetDependency section */

/* Begin PBXVariantGroup section */
		05856C2A1E235CC600B973E4 /* Main.storyboard */ = {
			isa = PBXVariantGroup;
			children = (
				05856C2B1E235CC600B973E4 /* Base */,
			);
			name = Main.storyboard;
			sourceTree = "<group>";
		};
		05856C2F1E235CC600B973E4 /* LaunchScreen.storyboard */ = {
			isa = PBXVariantGroup;
			children = (
				05856C301E235CC600B973E4 /* Base */,
			);
			name = LaunchScreen.storyboard;
			sourceTree = "<group>";
		};
/* End PBXVariantGroup section */

/* Begin XCBuildConfiguration section */
		05856C491E235CC700B973E4 /* Debug */ = {
			isa = XCBuildConfiguration;
			buildSettings = {
				ALWAYS_SEARCH_USER_PATHS = NO;
				CLANG_ANALYZER_NONNULL = YES;
				CLANG_CXX_LANGUAGE_STANDARD = "gnu++0x";
				CLANG_CXX_LIBRARY = "libc++";
				CLANG_ENABLE_MODULES = YES;
				CLANG_ENABLE_OBJC_ARC = YES;
				CLANG_WARN_BOOL_CONVERSION = YES;
				CLANG_WARN_CONSTANT_CONVERSION = YES;
				CLANG_WARN_DIRECT_OBJC_ISA_USAGE = YES_ERROR;
				CLANG_WARN_EMPTY_BODY = YES;
				CLANG_WARN_ENUM_CONVERSION = YES;
				CLANG_WARN_INT_CONVERSION = YES;
				CLANG_WARN_OBJC_ROOT_CLASS = YES_ERROR;
				CLANG_WARN_UNREACHABLE_CODE = YES;
				CLANG_WARN__DUPLICATE_METHOD_MATCH = YES;
				"CODE_SIGN_IDENTITY[sdk=iphoneos*]" = "iPhone Developer";
				COPY_PHASE_STRIP = NO;
				DEBUG_INFORMATION_FORMAT = dwarf;
				ENABLE_STRICT_OBJC_MSGSEND = YES;
				ENABLE_TESTABILITY = YES;
				GCC_C_LANGUAGE_STANDARD = gnu99;
				GCC_DYNAMIC_NO_PIC = NO;
				GCC_NO_COMMON_BLOCKS = YES;
				GCC_OPTIMIZATION_LEVEL = 0;
				GCC_PREPROCESSOR_DEFINITIONS = (
					"DEBUG=1",
					"$(inherited)",
				);
				GCC_WARN_64_TO_32_BIT_CONVERSION = YES;
				GCC_WARN_ABOUT_RETURN_TYPE = YES_ERROR;
				GCC_WARN_UNDECLARED_SELECTOR = YES;
				GCC_WARN_UNINITIALIZED_AUTOS = YES_AGGRESSIVE;
				GCC_WARN_UNUSED_FUNCTION = YES;
				GCC_WARN_UNUSED_VARIABLE = YES;
				IPHONEOS_DEPLOYMENT_TARGET = 9.3;
				MTL_ENABLE_DEBUG_INFO = YES;
				ONLY_ACTIVE_ARCH = YES;
				SDKROOT = iphoneos;
				SWIFT_OPTIMIZATION_LEVEL = "-Onone";
				TARGETED_DEVICE_FAMILY = "1,2";
			};
			name = Debug;
		};
		05856C4A1E235CC700B973E4 /* Release */ = {
			isa = XCBuildConfiguration;
			buildSettings = {
				ALWAYS_SEARCH_USER_PATHS = NO;
				CLANG_ANALYZER_NONNULL = YES;
				CLANG_CXX_LANGUAGE_STANDARD = "gnu++0x";
				CLANG_CXX_LIBRARY = "libc++";
				CLANG_ENABLE_MODULES = YES;
				CLANG_ENABLE_OBJC_ARC = YES;
				CLANG_WARN_BOOL_CONVERSION = YES;
				CLANG_WARN_CONSTANT_CONVERSION = YES;
				CLANG_WARN_DIRECT_OBJC_ISA_USAGE = YES_ERROR;
				CLANG_WARN_EMPTY_BODY = YES;
				CLANG_WARN_ENUM_CONVERSION = YES;
				CLANG_WARN_INT_CONVERSION = YES;
				CLANG_WARN_OBJC_ROOT_CLASS = YES_ERROR;
				CLANG_WARN_UNREACHABLE_CODE = YES;
				CLANG_WARN__DUPLICATE_METHOD_MATCH = YES;
				"CODE_SIGN_IDENTITY[sdk=iphoneos*]" = "iPhone Developer";
				COPY_PHASE_STRIP = NO;
				DEBUG_INFORMATION_FORMAT = "dwarf-with-dsym";
				ENABLE_NS_ASSERTIONS = NO;
				ENABLE_STRICT_OBJC_MSGSEND = YES;
				GCC_C_LANGUAGE_STANDARD = gnu99;
				GCC_NO_COMMON_BLOCKS = YES;
				GCC_WARN_64_TO_32_BIT_CONVERSION = YES;
				GCC_WARN_ABOUT_RETURN_TYPE = YES_ERROR;
				GCC_WARN_UNDECLARED_SELECTOR = YES;
				GCC_WARN_UNINITIALIZED_AUTOS = YES_AGGRESSIVE;
				GCC_WARN_UNUSED_FUNCTION = YES;
				GCC_WARN_UNUSED_VARIABLE = YES;
				IPHONEOS_DEPLOYMENT_TARGET = 9.3;
				MTL_ENABLE_DEBUG_INFO = NO;
				SDKROOT = iphoneos;
				TARGETED_DEVICE_FAMILY = "1,2";
				VALIDATE_PRODUCT = YES;
			};
			name = Release;
		};
		05856C4C1E235CC700B973E4 /* Debug */ = {
			isa = XCBuildConfiguration;
			buildSettings = {
				ASSETCATALOG_COMPILER_APPICON_NAME = AppIcon;
				INFOPLIST_FILE = "Soldier-Orc Battle/Info.plist";
				LD_RUNPATH_SEARCH_PATHS = "$(inherited) @executable_path/Frameworks";
				PRODUCT_BUNDLE_IDENTIFIER = "KK.Soldier-Orc-Battle";
				PRODUCT_NAME = "$(TARGET_NAME)";
			};
			name = Debug;
		};
		05856C4D1E235CC700B973E4 /* Release */ = {
			isa = XCBuildConfiguration;
			buildSettings = {
				ASSETCATALOG_COMPILER_APPICON_NAME = AppIcon;
				INFOPLIST_FILE = "Soldier-Orc Battle/Info.plist";
				LD_RUNPATH_SEARCH_PATHS = "$(inherited) @executable_path/Frameworks";
				PRODUCT_BUNDLE_IDENTIFIER = "KK.Soldier-Orc-Battle";
				PRODUCT_NAME = "$(TARGET_NAME)";
			};
			name = Release;
		};
		05856C4F1E235CC700B973E4 /* Debug */ = {
			isa = XCBuildConfiguration;
			buildSettings = {
				BUNDLE_LOADER = "$(TEST_HOST)";
				INFOPLIST_FILE = "Soldier-Orc BattleTests/Info.plist";
				LD_RUNPATH_SEARCH_PATHS = "$(inherited) @executable_path/Frameworks @loader_path/Frameworks";
				PRODUCT_BUNDLE_IDENTIFIER = "KK.Soldier-Orc-BattleTests";
				PRODUCT_NAME = "$(TARGET_NAME)";
				TEST_HOST = "$(BUILT_PRODUCTS_DIR)/Soldier-Orc Battle.app/Soldier-Orc Battle";
			};
			name = Debug;
		};
		05856C501E235CC700B973E4 /* Release */ = {
			isa = XCBuildConfiguration;
			buildSettings = {
				BUNDLE_LOADER = "$(TEST_HOST)";
				INFOPLIST_FILE = "Soldier-Orc BattleTests/Info.plist";
				LD_RUNPATH_SEARCH_PATHS = "$(inherited) @executable_path/Frameworks @loader_path/Frameworks";
				PRODUCT_BUNDLE_IDENTIFIER = "KK.Soldier-Orc-BattleTests";
				PRODUCT_NAME = "$(TARGET_NAME)";
				TEST_HOST = "$(BUILT_PRODUCTS_DIR)/Soldier-Orc Battle.app/Soldier-Orc Battle";
			};
			name = Release;
		};
		05856C521E235CC700B973E4 /* Debug */ = {
			isa = XCBuildConfiguration;
			buildSettings = {
				INFOPLIST_FILE = "Soldier-Orc BattleUITests/Info.plist";
				LD_RUNPATH_SEARCH_PATHS = "$(inherited) @executable_path/Frameworks @loader_path/Frameworks";
				PRODUCT_BUNDLE_IDENTIFIER = "KK.Soldier-Orc-BattleUITests";
				PRODUCT_NAME = "$(TARGET_NAME)";
				TEST_TARGET_NAME = "Soldier-Orc Battle";
			};
			name = Debug;
		};
		05856C531E235CC700B973E4 /* Release */ = {
			isa = XCBuildConfiguration;
			buildSettings = {
				INFOPLIST_FILE = "Soldier-Orc BattleUITests/Info.plist";
				LD_RUNPATH_SEARCH_PATHS = "$(inherited) @executable_path/Frameworks @loader_path/Frameworks";
				PRODUCT_BUNDLE_IDENTIFIER = "KK.Soldier-Orc-BattleUITests";
				PRODUCT_NAME = "$(TARGET_NAME)";
				TEST_TARGET_NAME = "Soldier-Orc Battle";
			};
			name = Release;
		};
/* End XCBuildConfiguration section */

/* Begin XCConfigurationList section */
		05856C1E1E235CC600B973E4 /* Build configuration list for PBXProject "Soldier-Orc Battle" */ = {
			isa = XCConfigurationList;
			buildConfigurations = (
				05856C491E235CC700B973E4 /* Debug */,
				05856C4A1E235CC700B973E4 /* Release */,
			);
			defaultConfigurationIsVisible = 0;
			defaultConfigurationName = Release;
		};
		05856C4B1E235CC700B973E4 /* Build configuration list for PBXNativeTarget "Soldier-Orc Battle" */ = {
			isa = XCConfigurationList;
			buildConfigurations = (
				05856C4C1E235CC700B973E4 /* Debug */,
				05856C4D1E235CC700B973E4 /* Release */,
			);
			defaultConfigurationIsVisible = 0;
		};
		05856C4E1E235CC700B973E4 /* Build configuration list for PBXNativeTarget "Soldier-Orc BattleTests" */ = {
			isa = XCConfigurationList;
			buildConfigurations = (
				05856C4F1E235CC700B973E4 /* Debug */,
				05856C501E235CC700B973E4 /* Release */,
			);
			defaultConfigurationIsVisible = 0;
		};
		05856C511E235CC700B973E4 /* Build configuration list for PBXNativeTarget "Soldier-Orc BattleUITests" */ = {
			isa = XCConfigurationList;
			buildConfigurations = (
				05856C521E235CC700B973E4 /* Debug */,
				05856C531E235CC700B973E4 /* Release */,
			);
			defaultConfigurationIsVisible = 0;
		};
/* End XCConfigurationList section */
	};
	rootObject = 05856C1B1E235CC600B973E4 /* Project object */;
}
